// !$*UTF8*$!
{
	archiveVersion = 1;
	classes = {
	};
	objectVersion = 48;
	objects = {

/* Begin PBXBuildFile section */
		21C7D81D3D9CD27EF174C40D /* Pods_Foody.framework in Frameworks */ = {isa = PBXBuildFile; fileRef = 1DAFE614A659D91599855895 /* Pods_Foody.framework */; };
		2265BCAB20AF6F2A00709490 /* Search.swift in Sources */ = {isa = PBXBuildFile; fileRef = 2265BCAA20AF6F2A00709490 /* Search.swift */; };
		2291402520B0B2D600AA2718 /* VenueTableViewCell.swift in Sources */ = {isa = PBXBuildFile; fileRef = 2291402320B0B2D600AA2718 /* VenueTableViewCell.swift */; };
		2291402620B0B2D600AA2718 /* VenueTableViewCell.xib in Resources */ = {isa = PBXBuildFile; fileRef = 2291402420B0B2D600AA2718 /* VenueTableViewCell.xib */; };
		2291402820B0DAC500AA2718 /* Extensions.swift in Sources */ = {isa = PBXBuildFile; fileRef = 2291402720B0DAC500AA2718 /* Extensions.swift */; };
		22995D6820AF6BD2008777D3 /* Recommendations.swift in Sources */ = {isa = PBXBuildFile; fileRef = 22995D6720AF6BD2008777D3 /* Recommendations.swift */; };
		22D2184B20AF136F00D15DFB /* AppDelegate.swift in Sources */ = {isa = PBXBuildFile; fileRef = 22D2184A20AF136F00D15DFB /* AppDelegate.swift */; };
		22D2184D20AF136F00D15DFB /* HomeViewController.swift in Sources */ = {isa = PBXBuildFile; fileRef = 22D2184C20AF136F00D15DFB /* HomeViewController.swift */; };
		22D2185020AF136F00D15DFB /* Main.storyboard in Resources */ = {isa = PBXBuildFile; fileRef = 22D2184E20AF136F00D15DFB /* Main.storyboard */; };
		22D2185320AF136F00D15DFB /* Foody.xcdatamodeld in Sources */ = {isa = PBXBuildFile; fileRef = 22D2185120AF136F00D15DFB /* Foody.xcdatamodeld */; };
		22D2185520AF136F00D15DFB /* Assets.xcassets in Resources */ = {isa = PBXBuildFile; fileRef = 22D2185420AF136F00D15DFB /* Assets.xcassets */; };
		22D2185820AF136F00D15DFB /* LaunchScreen.storyboard in Resources */ = {isa = PBXBuildFile; fileRef = 22D2185620AF136F00D15DFB /* LaunchScreen.storyboard */; };
		22D2186020AF5A0400D15DFB /* Response.swift in Sources */ = {isa = PBXBuildFile; fileRef = 22D2185F20AF5A0400D15DFB /* Response.swift */; };
		22FFD07420B16CF600A2E4DF /* VenueDetails.swift in Sources */ = {isa = PBXBuildFile; fileRef = 22FFD07320B16CF600A2E4DF /* VenueDetails.swift */; };
		22FFD07720B1789100A2E4DF /* DetailsViewController.swift in Sources */ = {isa = PBXBuildFile; fileRef = 22FFD07520B1789100A2E4DF /* DetailsViewController.swift */; };
		22FFD07820B1789100A2E4DF /* DetailsViewController.xib in Resources */ = {isa = PBXBuildFile; fileRef = 22FFD07620B1789100A2E4DF /* DetailsViewController.xib */; };
/* End PBXBuildFile section */

/* Begin PBXFileReference section */
		1DAFE614A659D91599855895 /* Pods_Foody.framework */ = {isa = PBXFileReference; explicitFileType = wrapper.framework; includeInIndex = 0; path = Pods_Foody.framework; sourceTree = BUILT_PRODUCTS_DIR; };
		2265BCAA20AF6F2A00709490 /* Search.swift */ = {isa = PBXFileReference; lastKnownFileType = sourcecode.swift; path = Search.swift; sourceTree = "<group>"; };
		2291402320B0B2D600AA2718 /* VenueTableViewCell.swift */ = {isa = PBXFileReference; lastKnownFileType = sourcecode.swift; path = VenueTableViewCell.swift; sourceTree = "<group>"; };
		2291402420B0B2D600AA2718 /* VenueTableViewCell.xib */ = {isa = PBXFileReference; lastKnownFileType = file.xib; path = VenueTableViewCell.xib; sourceTree = "<group>"; };
		2291402720B0DAC500AA2718 /* Extensions.swift */ = {isa = PBXFileReference; lastKnownFileType = sourcecode.swift; path = Extensions.swift; sourceTree = "<group>"; };
		22995D6720AF6BD2008777D3 /* Recommendations.swift */ = {isa = PBXFileReference; lastKnownFileType = sourcecode.swift; path = Recommendations.swift; sourceTree = "<group>"; };
		22D2184720AF136F00D15DFB /* Foody.app */ = {isa = PBXFileReference; explicitFileType = wrapper.application; includeInIndex = 0; path = Foody.app; sourceTree = BUILT_PRODUCTS_DIR; };
		22D2184A20AF136F00D15DFB /* AppDelegate.swift */ = {isa = PBXFileReference; lastKnownFileType = sourcecode.swift; path = AppDelegate.swift; sourceTree = "<group>"; };
		22D2184C20AF136F00D15DFB /* HomeViewController.swift */ = {isa = PBXFileReference; lastKnownFileType = sourcecode.swift; path = HomeViewController.swift; sourceTree = "<group>"; };
		22D2184F20AF136F00D15DFB /* Base */ = {isa = PBXFileReference; lastKnownFileType = file.storyboard; name = Base; path = Base.lproj/Main.storyboard; sourceTree = "<group>"; };
		22D2185220AF136F00D15DFB /* Foody.xcdatamodel */ = {isa = PBXFileReference; lastKnownFileType = wrapper.xcdatamodel; path = Foody.xcdatamodel; sourceTree = "<group>"; };
		22D2185420AF136F00D15DFB /* Assets.xcassets */ = {isa = PBXFileReference; lastKnownFileType = folder.assetcatalog; path = Assets.xcassets; sourceTree = "<group>"; };
		22D2185720AF136F00D15DFB /* Base */ = {isa = PBXFileReference; lastKnownFileType = file.storyboard; name = Base; path = Base.lproj/LaunchScreen.storyboard; sourceTree = "<group>"; };
		22D2185920AF136F00D15DFB /* Info.plist */ = {isa = PBXFileReference; lastKnownFileType = text.plist.xml; path = Info.plist; sourceTree = "<group>"; };
		22D2185F20AF5A0400D15DFB /* Response.swift */ = {isa = PBXFileReference; lastKnownFileType = sourcecode.swift; path = Response.swift; sourceTree = "<group>"; };
		22FFD07320B16CF600A2E4DF /* VenueDetails.swift */ = {isa = PBXFileReference; lastKnownFileType = sourcecode.swift; path = VenueDetails.swift; sourceTree = "<group>"; };
		22FFD07520B1789100A2E4DF /* DetailsViewController.swift */ = {isa = PBXFileReference; lastKnownFileType = sourcecode.swift; path = DetailsViewController.swift; sourceTree = "<group>"; };
		22FFD07620B1789100A2E4DF /* DetailsViewController.xib */ = {isa = PBXFileReference; lastKnownFileType = file.xib; path = DetailsViewController.xib; sourceTree = "<group>"; };
		C67691F824C3DD11EA2F41FE /* Pods-Foody.release.xcconfig */ = {isa = PBXFileReference; includeInIndex = 1; lastKnownFileType = text.xcconfig; name = "Pods-Foody.release.xcconfig"; path = "Pods/Target Support Files/Pods-Foody/Pods-Foody.release.xcconfig"; sourceTree = "<group>"; };
		D78E6074B6579E8353AB9B4E /* Pods-Foody.debug.xcconfig */ = {isa = PBXFileReference; includeInIndex = 1; lastKnownFileType = text.xcconfig; name = "Pods-Foody.debug.xcconfig"; path = "Pods/Target Support Files/Pods-Foody/Pods-Foody.debug.xcconfig"; sourceTree = "<group>"; };
/* End PBXFileReference section */

/* Begin PBXFrameworksBuildPhase section */
		22D2184420AF136F00D15DFB /* Frameworks */ = {
			isa = PBXFrameworksBuildPhase;
			buildActionMask = 2147483647;
			files = (
				21C7D81D3D9CD27EF174C40D /* Pods_Foody.framework in Frameworks */,
			);
			runOnlyForDeploymentPostprocessing = 0;
		};
/* End PBXFrameworksBuildPhase section */

/* Begin PBXGroup section */
		22995D6620AF6BB3008777D3 /* Data Models */ = {
			isa = PBXGroup;
			children = (
				22D2185F20AF5A0400D15DFB /* Response.swift */,
				22995D6720AF6BD2008777D3 /* Recommendations.swift */,
				2265BCAA20AF6F2A00709490 /* Search.swift */,
				22FFD07320B16CF600A2E4DF /* VenueDetails.swift */,
			);
			path = "Data Models";
			sourceTree = "<group>";
		};
		22D2183E20AF136F00D15DFB = {
			isa = PBXGroup;
			children = (
				22D2184920AF136F00D15DFB /* Foody */,
				22D2184820AF136F00D15DFB /* Products */,
				E871F58D0B927A47C3D5A1DC /* Pods */,
				7413CB55B4DC4BD3C9E7407E /* Frameworks */,
			);
			sourceTree = "<group>";
		};
		22D2184820AF136F00D15DFB /* Products */ = {
			isa = PBXGroup;
			children = (
				22D2184720AF136F00D15DFB /* Foody.app */,
			);
			name = Products;
			sourceTree = "<group>";
		};
		22D2184920AF136F00D15DFB /* Foody */ = {
			isa = PBXGroup;
			children = (
				22D2184A20AF136F00D15DFB /* AppDelegate.swift */,
				22D2184C20AF136F00D15DFB /* HomeViewController.swift */,
				22FFD07520B1789100A2E4DF /* DetailsViewController.swift */,
				2291402320B0B2D600AA2718 /* VenueTableViewCell.swift */,
				22FFD07620B1789100A2E4DF /* DetailsViewController.xib */,
				2291402420B0B2D600AA2718 /* VenueTableViewCell.xib */,
				22D2184E20AF136F00D15DFB /* Main.storyboard */,
				22D2185420AF136F00D15DFB /* Assets.xcassets */,
				2291402720B0DAC500AA2718 /* Extensions.swift */,
				22D2185620AF136F00D15DFB /* LaunchScreen.storyboard */,
				22D2185920AF136F00D15DFB /* Info.plist */,
				22D2185120AF136F00D15DFB /* Foody.xcdatamodeld */,
				22995D6620AF6BB3008777D3 /* Data Models */,
			);
			path = Foody;
			sourceTree = "<group>";
		};
		7413CB55B4DC4BD3C9E7407E /* Frameworks */ = {
			isa = PBXGroup;
			children = (
				1DAFE614A659D91599855895 /* Pods_Foody.framework */,
			);
			name = Frameworks;
			sourceTree = "<group>";
		};
		E871F58D0B927A47C3D5A1DC /* Pods */ = {
			isa = PBXGroup;
			children = (
				D78E6074B6579E8353AB9B4E /* Pods-Foody.debug.xcconfig */,
				C67691F824C3DD11EA2F41FE /* Pods-Foody.release.xcconfig */,
			);
			name = Pods;
			sourceTree = "<group>";
		};
/* End PBXGroup section */

/* Begin PBXNativeTarget section */
		22D2184620AF136F00D15DFB /* Foody */ = {
			isa = PBXNativeTarget;
			buildConfigurationList = 22D2185C20AF136F00D15DFB /* Build configuration list for PBXNativeTarget "Foody" */;
			buildPhases = (
				8EDE8FEA0670A3805E775DE5 /* [CP] Check Pods Manifest.lock */,
				22D2184320AF136F00D15DFB /* Sources */,
				22D2184420AF136F00D15DFB /* Frameworks */,
				22D2184520AF136F00D15DFB /* Resources */,
				6FBBD89F36E8EC474A825B4C /* [CP] Embed Pods Frameworks */,
				1158B39CA53770404AAA9095 /* [CP] Copy Pods Resources */,
			);
			buildRules = (
			);
			dependencies = (
			);
			name = Foody;
			productName = Foody;
			productReference = 22D2184720AF136F00D15DFB /* Foody.app */;
			productType = "com.apple.product-type.application";
		};
/* End PBXNativeTarget section */

/* Begin PBXProject section */
		22D2183F20AF136F00D15DFB /* Project object */ = {
			isa = PBXProject;
			attributes = {
				LastSwiftUpdateCheck = 0920;
				LastUpgradeCheck = 0920;
				ORGANIZATIONNAME = Vaibhav;
				TargetAttributes = {
					22D2184620AF136F00D15DFB = {
						CreatedOnToolsVersion = 9.2;
						ProvisioningStyle = Automatic;
					};
				};
			};
			buildConfigurationList = 22D2184220AF136F00D15DFB /* Build configuration list for PBXProject "Foody" */;
			compatibilityVersion = "Xcode 8.0";
			developmentRegion = en;
			hasScannedForEncodings = 0;
			knownRegions = (
				en,
				Base,
			);
			mainGroup = 22D2183E20AF136F00D15DFB;
			productRefGroup = 22D2184820AF136F00D15DFB /* Products */;
			projectDirPath = "";
			projectRoot = "";
			targets = (
				22D2184620AF136F00D15DFB /* Foody */,
			);
		};
/* End PBXProject section */

/* Begin PBXResourcesBuildPhase section */
		22D2184520AF136F00D15DFB /* Resources */ = {
			isa = PBXResourcesBuildPhase;
			buildActionMask = 2147483647;
			files = (
				22D2185820AF136F00D15DFB /* LaunchScreen.storyboard in Resources */,
				2291402620B0B2D600AA2718 /* VenueTableViewCell.xib in Resources */,
				22FFD07820B1789100A2E4DF /* DetailsViewController.xib in Resources */,
				22D2185520AF136F00D15DFB /* Assets.xcassets in Resources */,
				22D2185020AF136F00D15DFB /* Main.storyboard in Resources */,
			);
			runOnlyForDeploymentPostprocessing = 0;
		};
/* End PBXResourcesBuildPhase section */

/* Begin PBXShellScriptBuildPhase section */
		1158B39CA53770404AAA9095 /* [CP] Copy Pods Resources */ = {
			isa = PBXShellScriptBuildPhase;
			buildActionMask = 2147483647;
			files = (
			);
			inputPaths = (
			);
			name = "[CP] Copy Pods Resources";
			outputPaths = (
			);
			runOnlyForDeploymentPostprocessing = 0;
			shellPath = /bin/sh;
			shellScript = "\"${SRCROOT}/Pods/Target Support Files/Pods-Foody/Pods-Foody-resources.sh\"\n";
			showEnvVarsInLog = 0;
		};
		6FBBD89F36E8EC474A825B4C /* [CP] Embed Pods Frameworks */ = {
			isa = PBXShellScriptBuildPhase;
			buildActionMask = 2147483647;
			files = (
			);
			inputPaths = (
				"${SRCROOT}/Pods/Target Support Files/Pods-Foody/Pods-Foody-frameworks.sh",
				"${BUILT_PRODUCTS_DIR}/Kingfisher/Kingfisher.framework",
			);
			name = "[CP] Embed Pods Frameworks";
			outputPaths = (
				"${TARGET_BUILD_DIR}/${FRAMEWORKS_FOLDER_PATH}/Kingfisher.framework",
			);
			runOnlyForDeploymentPostprocessing = 0;
			shellPath = /bin/sh;
			shellScript = "\"${SRCROOT}/Pods/Target Support Files/Pods-Foody/Pods-Foody-frameworks.sh\"\n";
			showEnvVarsInLog = 0;
		};
		8EDE8FEA0670A3805E775DE5 /* [CP] Check Pods Manifest.lock */ = {
			isa = PBXShellScriptBuildPhase;
			buildActionMask = 2147483647;
			files = (
			);
			inputPaths = (
				"${PODS_PODFILE_DIR_PATH}/Podfile.lock",
				"${PODS_ROOT}/Manifest.lock",
			);
			name = "[CP] Check Pods Manifest.lock";
			outputPaths = (
				"$(DERIVED_FILE_DIR)/Pods-Foody-checkManifestLockResult.txt",
			);
			runOnlyForDeploymentPostprocessing = 0;
			shellPath = /bin/sh;
			shellScript = "diff \"${PODS_PODFILE_DIR_PATH}/Podfile.lock\" \"${PODS_ROOT}/Manifest.lock\" > /dev/null\nif [ $? != 0 ] ; then\n    # print error to STDERR\n    echo \"error: The sandbox is not in sync with the Podfile.lock. Run 'pod install' or update your CocoaPods installation.\" >&2\n    exit 1\nfi\n# This output is used by Xcode 'outputs' to avoid re-running this script phase.\necho \"SUCCESS\" > \"${SCRIPT_OUTPUT_FILE_0}\"\n";
			showEnvVarsInLog = 0;
		};
/* End PBXShellScriptBuildPhase section */

/* Begin PBXSourcesBuildPhase section */
		22D2184320AF136F00D15DFB /* Sources */ = {
			isa = PBXSourcesBuildPhase;
			buildActionMask = 2147483647;
			files = (
				22D2185320AF136F00D15DFB /* Foody.xcdatamodeld in Sources */,
				2291402820B0DAC500AA2718 /* Extensions.swift in Sources */,
				2291402520B0B2D600AA2718 /* VenueTableViewCell.swift in Sources */,
				22D2186020AF5A0400D15DFB /* Response.swift in Sources */,
				22D2184D20AF136F00D15DFB /* HomeViewController.swift in Sources */,
				2265BCAB20AF6F2A00709490 /* Search.swift in Sources */,
				22D2184B20AF136F00D15DFB /* AppDelegate.swift in Sources */,
				22FFD07420B16CF600A2E4DF /* VenueDetails.swift in Sources */,
				22995D6820AF6BD2008777D3 /* Recommendations.swift in Sources */,
				22FFD07720B1789100A2E4DF /* DetailsViewController.swift in Sources */,
			);
			runOnlyForDeploymentPostprocessing = 0;
		};
/* End PBXSourcesBuildPhase section */

/* Begin PBXVariantGroup section */
		22D2184E20AF136F00D15DFB /* Main.storyboard */ = {
			isa = PBXVariantGroup;
			children = (
				22D2184F20AF136F00D15DFB /* Base */,
			);
			name = Main.storyboard;
			sourceTree = "<group>";
		};
		22D2185620AF136F00D15DFB /* LaunchScreen.storyboard */ = {
			isa = PBXVariantGroup;
			children = (
				22D2185720AF136F00D15DFB /* Base */,
			);
			name = LaunchScreen.storyboard;
			sourceTree = "<group>";
		};
/* End PBXVariantGroup section */

/* Begin XCBuildConfiguration section */
		22D2185A20AF136F00D15DFB /* Debug */ = {
			isa = XCBuildConfiguration;
			buildSettings = {
				ALWAYS_SEARCH_USER_PATHS = NO;
				CLANG_ANALYZER_NONNULL = YES;
				CLANG_ANALYZER_NUMBER_OBJECT_CONVERSION = YES_AGGRESSIVE;
				CLANG_CXX_LANGUAGE_STANDARD = "gnu++14";
				CLANG_CXX_LIBRARY = "libc++";
				CLANG_ENABLE_MODULES = YES;
				CLANG_ENABLE_OBJC_ARC = YES;
				CLANG_WARN_BLOCK_CAPTURE_AUTORELEASING = YES;
				CLANG_WARN_BOOL_CONVERSION = YES;
				CLANG_WARN_COMMA = YES;
				CLANG_WARN_CONSTANT_CONVERSION = YES;
				CLANG_WARN_DIRECT_OBJC_ISA_USAGE = YES_ERROR;
				CLANG_WARN_DOCUMENTATION_COMMENTS = YES;
				CLANG_WARN_EMPTY_BODY = YES;
				CLANG_WARN_ENUM_CONVERSION = YES;
				CLANG_WARN_INFINITE_RECURSION = YES;
				CLANG_WARN_INT_CONVERSION = YES;
				CLANG_WARN_NON_LITERAL_NULL_CONVERSION = YES;
				CLANG_WARN_OBJC_LITERAL_CONVERSION = YES;
				CLANG_WARN_OBJC_ROOT_CLASS = YES_ERROR;
				CLANG_WARN_RANGE_LOOP_ANALYSIS = YES;
				CLANG_WARN_STRICT_PROTOTYPES = YES;
				CLANG_WARN_SUSPICIOUS_MOVE = YES;
				CLANG_WARN_UNGUARDED_AVAILABILITY = YES_AGGRESSIVE;
				CLANG_WARN_UNREACHABLE_CODE = YES;
				CLANG_WARN__DUPLICATE_METHOD_MATCH = YES;
				CODE_SIGN_IDENTITY = "iPhone Developer";
				COPY_PHASE_STRIP = NO;
				DEBUG_INFORMATION_FORMAT = dwarf;
				ENABLE_STRICT_OBJC_MSGSEND = YES;
				ENABLE_TESTABILITY = YES;
				GCC_C_LANGUAGE_STANDARD = gnu11;
				GCC_DYNAMIC_NO_PIC = NO;
				GCC_NO_COMMON_BLOCKS = YES;
				GCC_OPTIMIZATION_LEVEL = 0;
				GCC_PREPROCESSOR_DEFINITIONS = (
					"DEBUG=1",
					"$(inherited)",
				);
				GCC_WARN_64_TO_32_BIT_CONVERSION = YES;
				GCC_WARN_ABOUT_RETURN_TYPE = YES_ERROR;
				GCC_WARN_UNDECLARED_SELECTOR = YES;
				GCC_WARN_UNINITIALIZED_AUTOS = YES_AGGRESSIVE;
				GCC_WARN_UNUSED_FUNCTION = YES;
				GCC_WARN_UNUSED_VARIABLE = YES;
				IPHONEOS_DEPLOYMENT_TARGET = 11.2;
				MTL_ENABLE_DEBUG_INFO = YES;
				ONLY_ACTIVE_ARCH = YES;
				SDKROOT = iphoneos;
				SWIFT_ACTIVE_COMPILATION_CONDITIONS = DEBUG;
				SWIFT_OPTIMIZATION_LEVEL = "-Onone";
			};
			name = Debug;
		};
		22D2185B20AF136F00D15DFB /* Release */ = {
			isa = XCBuildConfiguration;
			buildSettings = {
				ALWAYS_SEARCH_USER_PATHS = NO;
				CLANG_ANALYZER_NONNULL = YES;
				CLANG_ANALYZER_NUMBER_OBJECT_CONVERSION = YES_AGGRESSIVE;
				CLANG_CXX_LANGUAGE_STANDARD = "gnu++14";
				CLANG_CXX_LIBRARY = "libc++";
				CLANG_ENABLE_MODULES = YES;
				CLANG_ENABLE_OBJC_ARC = YES;
				CLANG_WARN_BLOCK_CAPTURE_AUTORELEASING = YES;
				CLANG_WARN_BOOL_CONVERSION = YES;
				CLANG_WARN_COMMA = YES;
				CLANG_WARN_CONSTANT_CONVERSION = YES;
				CLANG_WARN_DIRECT_OBJC_ISA_USAGE = YES_ERROR;
				CLANG_WARN_DOCUMENTATION_COMMENTS = YES;
				CLANG_WARN_EMPTY_BODY = YES;
				CLANG_WARN_ENUM_CONVERSION = YES;
				CLANG_WARN_INFINITE_RECURSION = YES;
				CLANG_WARN_INT_CONVERSION = YES;
				CLANG_WARN_NON_LITERAL_NULL_CONVERSION = YES;
				CLANG_WARN_OBJC_LITERAL_CONVERSION = YES;
				CLANG_WARN_OBJC_ROOT_CLASS = YES_ERROR;
				CLANG_WARN_RANGE_LOOP_ANALYSIS = YES;
				CLANG_WARN_STRICT_PROTOTYPES = YES;
				CLANG_WARN_SUSPICIOUS_MOVE = YES;
				CLANG_WARN_UNGUARDED_AVAILABILITY = YES_AGGRESSIVE;
				CLANG_WARN_UNREACHABLE_CODE = YES;
				CLANG_WARN__DUPLICATE_METHOD_MATCH = YES;
				CODE_SIGN_IDENTITY = "iPhone Developer";
				COPY_PHASE_STRIP = NO;
				DEBUG_INFORMATION_FORMAT = "dwarf-with-dsym";
				ENABLE_NS_ASSERTIONS = NO;
				ENABLE_STRICT_OBJC_MSGSEND = YES;
				GCC_C_LANGUAGE_STANDARD = gnu11;
				GCC_NO_COMMON_BLOCKS = YES;
				GCC_WARN_64_TO_32_BIT_CONVERSION = YES;
				GCC_WARN_ABOUT_RETURN_TYPE = YES_ERROR;
				GCC_WARN_UNDECLARED_SELECTOR = YES;
				GCC_WARN_UNINITIALIZED_AUTOS = YES_AGGRESSIVE;
				GCC_WARN_UNUSED_FUNCTION = YES;
				GCC_WARN_UNUSED_VARIABLE = YES;
				IPHONEOS_DEPLOYMENT_TARGET = 11.2;
				MTL_ENABLE_DEBUG_INFO = NO;
				SDKROOT = iphoneos;
				SWIFT_OPTIMIZATION_LEVEL = "-Owholemodule";
				VALIDATE_PRODUCT = YES;
			};
			name = Release;
		};
		22D2185D20AF136F00D15DFB /* Debug */ = {
			isa = XCBuildConfiguration;
			baseConfigurationReference = D78E6074B6579E8353AB9B4E /* Pods-Foody.debug.xcconfig */;
			buildSettings = {
				ASSETCATALOG_COMPILER_APPICON_NAME = AppIcon;
				CODE_SIGN_STYLE = Automatic;
				DEVELOPMENT_TEAM = B344WP36T9;
				INFOPLIST_FILE = Foody/Info.plist;
				LD_RUNPATH_SEARCH_PATHS = "$(inherited) @executable_path/Frameworks";
				PRODUCT_BUNDLE_IDENTIFIER = Vaibhav.Foody;
				PRODUCT_NAME = "$(TARGET_NAME)";
				SWIFT_VERSION = 4.0;
				TARGETED_DEVICE_FAMILY = "1,2";
			};
			name = Debug;
		};
		22D2185E20AF136F00D15DFB /* Release */ = {
			isa = XCBuildConfiguration;
			baseConfigurationReference = C67691F824C3DD11EA2F41FE /* Pods-Foody.release.xcconfig */;
			buildSettings = {
				ASSETCATALOG_COMPILER_APPICON_NAME = AppIcon;
				CODE_SIGN_STYLE = Automatic;
				DEVELOPMENT_TEAM = B344WP36T9;
				INFOPLIST_FILE = Foody/Info.plist;
				LD_RUNPATH_SEARCH_PATHS = "$(inherited) @executable_path/Frameworks";
				PRODUCT_BUNDLE_IDENTIFIER = Vaibhav.Foody;
				PRODUCT_NAME = "$(TARGET_NAME)";
				SWIFT_VERSION = 4.0;
				TARGETED_DEVICE_FAMILY = "1,2";
			};
			name = Release;
		};
/* End XCBuildConfiguration section */

/* Begin XCConfigurationList section */
		22D2184220AF136F00D15DFB /* Build configuration list for PBXProject "Foody" */ = {
			isa = XCConfigurationList;
			buildConfigurations = (
				22D2185A20AF136F00D15DFB /* Debug */,
				22D2185B20AF136F00D15DFB /* Release */,
			);
			defaultConfigurationIsVisible = 0;
			defaultConfigurationName = Release;
		};
		22D2185C20AF136F00D15DFB /* Build configuration list for PBXNativeTarget "Foody" */ = {
			isa = XCConfigurationList;
			buildConfigurations = (
				22D2185D20AF136F00D15DFB /* Debug */,
				22D2185E20AF136F00D15DFB /* Release */,
			);
			defaultConfigurationIsVisible = 0;
			defaultConfigurationName = Release;
		};
/* End XCConfigurationList section */

/* Begin XCVersionGroup section */
		22D2185120AF136F00D15DFB /* Foody.xcdatamodeld */ = {
			isa = XCVersionGroup;
			children = (
				22D2185220AF136F00D15DFB /* Foody.xcdatamodel */,
			);
			currentVersion = 22D2185220AF136F00D15DFB /* Foody.xcdatamodel */;
			path = Foody.xcdatamodeld;
			sourceTree = "<group>";
			versionGroupType = wrapper.xcdatamodel;
		};
/* End XCVersionGroup section */
	};
	rootObject = 22D2183F20AF136F00D15DFB /* Project object */;
}
